
Microsoft Visual Studio Solution File, Format Version 12.00
# Visual Studio Version 17
VisualStudioVersion = 17.2.32516.85
MinimumVisualStudioVersion = 10.0.40219.1
Project("{00D1A9C2-B5F0-4AF3-8072-F6C62B433612}") = "Demo.DB", "Demo.DB\Demo.DB.sqlproj", "{725644AF-04B7-48BA-9B27-284DE2DD6344}"
EndProject
Project("{9A19103F-16F7-4668-BE54-9A1E7A4F7556}") = "Demo.App", "Demo.App\Demo.App.csproj", "{63CC6E85-FA3F-4921-A548-84AD1657D3EF}"
EndProject
Project("{FAE04EC0-301F-11D3-BF4B-00C04F79EFBC}") = "Demo.Api", "Demo.Api\Demo.Api.csproj", "{F5295640-C34C-4F4F-9311-372A5EB11855}"
EndProject
Global
	GlobalSection(SolutionConfigurationPlatforms) = preSolution
		Debug|Any CPU = Debug|Any CPU
		Release|Any CPU = Release|Any CPU
	EndGlobalSection
	GlobalSection(ProjectConfigurationPlatforms) = postSolution
		{725644AF-04B7-48BA-9B27-284DE2DD6344}.Debug|Any CPU.ActiveCfg = Debug|Any CPU
		{725644AF-04B7-48BA-9B27-284DE2DD6344}.Debug|Any CPU.Build.0 = Debug|Any CPU
		{725644AF-04B7-48BA-9B27-284DE2DD6344}.Debug|Any CPU.Deploy.0 = Debug|Any CPU
		{725644AF-04B7-48BA-9B27-284DE2DD6344}.Release|Any CPU.ActiveCfg = Release|Any CPU
		{725644AF-04B7-48BA-9B27-284DE2DD6344}.Release|Any CPU.Build.0 = Release|Any CPU
		{725644AF-04B7-48BA-9B27-284DE2DD6344}.Release|Any CPU.Deploy.0 = Release|Any CPU
		{63CC6E85-FA3F-4921-A548-84AD1657D3EF}.Debug|Any CPU.ActiveCfg = Debug|Any CPU
		{63CC6E85-FA3F-4921-A548-84AD1657D3EF}.Debug|Any CPU.Build.0 = Debug|Any CPU
		{63CC6E85-FA3F-4921-A548-84AD1657D3EF}.Release|Any CPU.ActiveCfg = Release|Any CPU
		{63CC6E85-FA3F-4921-A548-84AD1657D3EF}.Release|Any CPU.Build.0 = Release|Any CPU
		{F5295640-C34C-4F4F-9311-372A5EB11855}.Debug|Any CPU.ActiveCfg = Debug|Any CPU
		{F5295640-C34C-4F4F-9311-372A5EB11855}.Debug|Any CPU.Build.0 = Debug|Any CPU
		{F5295640-C34C-4F4F-9311-372A5EB11855}.Release|Any CPU.ActiveCfg = Release|Any CPU
		{F5295640-C34C-4F4F-9311-372A5EB11855}.Release|Any CPU.Build.0 = Release|Any CPU
	EndGlobalSection
	GlobalSection(SolutionProperties) = preSolution
		HideSolutionNode = FALSE
	EndGlobalSection
	GlobalSection(ExtensibilityGlobals) = postSolution
		SolutionGuid = {BB9256B0-4192-4BB8-B93B-CAE52D59F080}
	EndGlobalSection
EndGlobal
